
Microsoft Visual Studio Solution File, Format Version 12.00
# Visual Studio 15
VisualStudioVersion = 15.0.28307.168
MinimumVisualStudioVersion = 10.0.40219.1
Project("{2150E333-8FDC-42A3-9474-1A3956D46DE8}") = "src", "src", "{332C9AE0-A522-48F3-BCB8-746F9B377C0B}"
EndProject
Project("{2150E333-8FDC-42A3-9474-1A3956D46DE8}") = "tests", "tests", "{24FDE9CF-9612-4512-A510-85E17E9F2A70}"
EndProject
Project("{FAE04EC0-301F-11D3-BF4B-00C04F79EFBC}") = "CarRent.Api", "src\CarRent.Api\CarRent.Api.csproj", "{993CF2EC-BA81-447A-9A12-A059BCDBDDB0}"
EndProject
Global
	GlobalSection(SolutionConfigurationPlatforms) = preSolution
		Debug|Any CPU = Debug|Any CPU
		Release|Any CPU = Release|Any CPU
	EndGlobalSection
	GlobalSection(ProjectConfigurationPlatforms) = postSolution
		{993CF2EC-BA81-447A-9A12-A059BCDBDDB0}.Debug|Any CPU.ActiveCfg = Debug|Any CPU
		{993CF2EC-BA81-447A-9A12-A059BCDBDDB0}.Debug|Any CPU.Build.0 = Debug|Any CPU
		{993CF2EC-BA81-447A-9A12-A059BCDBDDB0}.Release|Any CPU.ActiveCfg = Release|Any CPU
		{993CF2EC-BA81-447A-9A12-A059BCDBDDB0}.Release|Any CPU.Build.0 = Release|Any CPU
	EndGlobalSection
	GlobalSection(SolutionProperties) = preSolution
		HideSolutionNode = FALSE
	EndGlobalSection
	GlobalSection(NestedProjects) = preSolution
		{993CF2EC-BA81-447A-9A12-A059BCDBDDB0} = {332C9AE0-A522-48F3-BCB8-746F9B377C0B}
	EndGlobalSection
	GlobalSection(ExtensibilityGlobals) = postSolution
		SolutionGuid = {3948A9D7-7653-4E85-9A68-93C79CB1778A}
	EndGlobalSection
EndGlobal
